
Microsoft Visual Studio Solution File, Format Version 12.00
Project("{FAE04EC0-301F-11D3-BF4B-00C04F79EFBC}") = "ServiceGraph", "ServiceGraph\ServiceGraph.csproj", "{D6F2850C-0D87-4179-AD6D-8E8F2217EB52}"
EndProject
Global
	GlobalSection(SolutionConfigurationPlatforms) = preSolution
		Debug|Any CPU = Debug|Any CPU
		Release|Any CPU = Release|Any CPU
	EndGlobalSection
	GlobalSection(ProjectConfigurationPlatforms) = postSolution
		{D6F2850C-0D87-4179-AD6D-8E8F2217EB52}.Debug|Any CPU.ActiveCfg = Debug|Any CPU
		{D6F2850C-0D87-4179-AD6D-8E8F2217EB52}.Debug|Any CPU.Build.0 = Debug|Any CPU
		{D6F2850C-0D87-4179-AD6D-8E8F2217EB52}.Release|Any CPU.ActiveCfg = Release|Any CPU
		{D6F2850C-0D87-4179-AD6D-8E8F2217EB52}.Release|Any CPU.Build.0 = Release|Any CPU
	EndGlobalSection
EndGlobal
